
Microsoft Visual Studio Solution File, Format Version 12.00
# Visual Studio 15
VisualStudioVersion = 15.0.28307.168
MinimumVisualStudioVersion = 10.0.40219.1
Project("{FAE04EC0-301F-11D3-BF4B-00C04F79EFBC}") = "Word Guess Game", "Word Guess Game\Word Guess Game.csproj", "{7F006BFE-1F0C-4EBE-AA60-1DE9BE8B5245}"
EndProject
Project("{FAE04EC0-301F-11D3-BF4B-00C04F79EFBC}") = "Word Guess Game Tests", "Word Guess Game Tests\Word Guess Game Tests.csproj", "{1857D200-9228-4864-AB5F-006A52BBF6B4}"
EndProject
Global
	GlobalSection(SolutionConfigurationPlatforms) = preSolution
		Debug|Any CPU = Debug|Any CPU
		Release|Any CPU = Release|Any CPU
	EndGlobalSection
	GlobalSection(ProjectConfigurationPlatforms) = postSolution
		{7F006BFE-1F0C-4EBE-AA60-1DE9BE8B5245}.Debug|Any CPU.ActiveCfg = Debug|Any CPU
		{7F006BFE-1F0C-4EBE-AA60-1DE9BE8B5245}.Debug|Any CPU.Build.0 = Debug|Any CPU
		{7F006BFE-1F0C-4EBE-AA60-1DE9BE8B5245}.Release|Any CPU.ActiveCfg = Release|Any CPU
		{7F006BFE-1F0C-4EBE-AA60-1DE9BE8B5245}.Release|Any CPU.Build.0 = Release|Any CPU
		{1857D200-9228-4864-AB5F-006A52BBF6B4}.Debug|Any CPU.ActiveCfg = Debug|Any CPU
		{1857D200-9228-4864-AB5F-006A52BBF6B4}.Debug|Any CPU.Build.0 = Debug|Any CPU
		{1857D200-9228-4864-AB5F-006A52BBF6B4}.Release|Any CPU.ActiveCfg = Release|Any CPU
		{1857D200-9228-4864-AB5F-006A52BBF6B4}.Release|Any CPU.Build.0 = Release|Any CPU
	EndGlobalSection
	GlobalSection(SolutionProperties) = preSolution
		HideSolutionNode = FALSE
	EndGlobalSection
	GlobalSection(ExtensibilityGlobals) = postSolution
		SolutionGuid = {6D460CD9-4C1C-4B3F-A40E-9334BB967E52}
	EndGlobalSection
EndGlobal
